
Microsoft Visual Studio Solution File, Format Version 12.00
# Visual Studio 2013
VisualStudioVersion = 12.0.31101.0
MinimumVisualStudioVersion = 10.0.40219.1
Project("{FAE04EC0-301F-11D3-BF4B-00C04F79EFBC}") = "KatieWillowMartin.TodoList.Specifications", "KatieWillowMartin.TodoList.Specifications\KatieWillowMartin.TodoList.Specifications.csproj", "{8F49ED8F-694E-40CF-ACCA-2F4D30EDFD98}"
EndProject
Project("{FAE04EC0-301F-11D3-BF4B-00C04F79EFBC}") = "WillowKatieMartin.LightingTasks.Web", "WillowKatieMartin.LightingTasks.Web\WillowKatieMartin.LightingTasks.Web.csproj", "{AA45361D-3A61-4B99-B4A2-E60BCE94E755}"
EndProject
Project("{2150E333-8FDC-42A3-9474-1A3956D46DE8}") = "Solution Items", "Solution Items", "{5BE0B2E3-A61C-4CF6-AB8E-3AA225A0E6AD}"
EndProject
Project("{FAE04EC0-301F-11D3-BF4B-00C04F79EFBC}") = "WillowMartin.TodoList.Data.Repositories", "WillowMartin.TodoList.Data.Repositories\WillowMartin.TodoList.Data.Repositories.csproj", "{D7EF1BCA-7851-46CB-8CCA-E04220D4467D}"
EndProject
Project("{FAE04EC0-301F-11D3-BF4B-00C04F79EFBC}") = "WillowMartin.TodoList.Domain", "WillowMartin.TodoList.Domain\WillowMartin.TodoList.Domain.csproj", "{C94CCF5D-5342-4B83-B731-AB8359C6A0A4}"
EndProject
Project("{2150E333-8FDC-42A3-9474-1A3956D46DE8}") = ".nuget", ".nuget", "{8913DD24-7BAE-42B7-9BA9-8F9FBF3BD6FC}"
	ProjectSection(SolutionItems) = preProject
		.nuget\NuGet.Config = .nuget\NuGet.Config
		.nuget\NuGet.exe = .nuget\NuGet.exe
		.nuget\NuGet.targets = .nuget\NuGet.targets
	EndProjectSection
EndProject
Global
	GlobalSection(SolutionConfigurationPlatforms) = preSolution
		Debug|Any CPU = Debug|Any CPU
		Release|Any CPU = Release|Any CPU
	EndGlobalSection
	GlobalSection(ProjectConfigurationPlatforms) = postSolution
		{8F49ED8F-694E-40CF-ACCA-2F4D30EDFD98}.Debug|Any CPU.ActiveCfg = Debug|Any CPU
		{8F49ED8F-694E-40CF-ACCA-2F4D30EDFD98}.Debug|Any CPU.Build.0 = Debug|Any CPU
		{8F49ED8F-694E-40CF-ACCA-2F4D30EDFD98}.Release|Any CPU.ActiveCfg = Release|Any CPU
		{8F49ED8F-694E-40CF-ACCA-2F4D30EDFD98}.Release|Any CPU.Build.0 = Release|Any CPU
		{AA45361D-3A61-4B99-B4A2-E60BCE94E755}.Debug|Any CPU.ActiveCfg = Debug|Any CPU
		{AA45361D-3A61-4B99-B4A2-E60BCE94E755}.Debug|Any CPU.Build.0 = Debug|Any CPU
		{AA45361D-3A61-4B99-B4A2-E60BCE94E755}.Release|Any CPU.ActiveCfg = Release|Any CPU
		{AA45361D-3A61-4B99-B4A2-E60BCE94E755}.Release|Any CPU.Build.0 = Release|Any CPU
		{D7EF1BCA-7851-46CB-8CCA-E04220D4467D}.Debug|Any CPU.ActiveCfg = Debug|Any CPU
		{D7EF1BCA-7851-46CB-8CCA-E04220D4467D}.Debug|Any CPU.Build.0 = Debug|Any CPU
		{D7EF1BCA-7851-46CB-8CCA-E04220D4467D}.Release|Any CPU.ActiveCfg = Release|Any CPU
		{D7EF1BCA-7851-46CB-8CCA-E04220D4467D}.Release|Any CPU.Build.0 = Release|Any CPU
		{C94CCF5D-5342-4B83-B731-AB8359C6A0A4}.Debug|Any CPU.ActiveCfg = Debug|Any CPU
		{C94CCF5D-5342-4B83-B731-AB8359C6A0A4}.Debug|Any CPU.Build.0 = Debug|Any CPU
		{C94CCF5D-5342-4B83-B731-AB8359C6A0A4}.Release|Any CPU.ActiveCfg = Release|Any CPU
		{C94CCF5D-5342-4B83-B731-AB8359C6A0A4}.Release|Any CPU.Build.0 = Release|Any CPU
	EndGlobalSection
	GlobalSection(SolutionProperties) = preSolution
		HideSolutionNode = FALSE
	EndGlobalSection
EndGlobal
